
Microsoft Visual Studio Solution File, Format Version 12.00
# Visual Studio Version 17
VisualStudioVersion = 17.0.31903.59
MinimumVisualStudioVersion = 10.0.40219.1
Project("{2150E333-8FDC-42A3-9474-1A3956D46DE8}") = "src", "src", "{18093F46-814C-417B-802B-F3D289A9850F}"
EndProject
Project("{FAE04EC0-301F-11D3-BF4B-00C04F79EFBC}") = "Ulric.ClipCalendar.Api", "src\Ulric.ClipCalendar.Api\Ulric.ClipCalendar.Api.csproj", "{03335393-E51E-428D-936D-A33DBC551DA5}"
EndProject
Project("{2150E333-8FDC-42A3-9474-1A3956D46DE8}") = "tests", "tests", "{0520F664-4A0F-45A0-833B-AEDE43C0A396}"
EndProject
Project("{FAE04EC0-301F-11D3-BF4B-00C04F79EFBC}") = "Ulric.ClipCalendar.Tests", "tests\Ulric.ClipCalendar.Tests\Ulric.ClipCalendar.Tests.csproj", "{EC410D29-9950-4429-96A3-1476181EFF78}"
EndProject
Global
	GlobalSection(SolutionConfigurationPlatforms) = preSolution
		Debug|Any CPU = Debug|Any CPU
		Release|Any CPU = Release|Any CPU
	EndGlobalSection
	GlobalSection(SolutionProperties) = preSolution
		HideSolutionNode = FALSE
	EndGlobalSection
	GlobalSection(ProjectConfigurationPlatforms) = postSolution
		{03335393-E51E-428D-936D-A33DBC551DA5}.Debug|Any CPU.ActiveCfg = Debug|Any CPU
		{03335393-E51E-428D-936D-A33DBC551DA5}.Debug|Any CPU.Build.0 = Debug|Any CPU
		{03335393-E51E-428D-936D-A33DBC551DA5}.Release|Any CPU.ActiveCfg = Release|Any CPU
		{03335393-E51E-428D-936D-A33DBC551DA5}.Release|Any CPU.Build.0 = Release|Any CPU
		{EC410D29-9950-4429-96A3-1476181EFF78}.Debug|Any CPU.ActiveCfg = Debug|Any CPU
		{EC410D29-9950-4429-96A3-1476181EFF78}.Debug|Any CPU.Build.0 = Debug|Any CPU
		{EC410D29-9950-4429-96A3-1476181EFF78}.Release|Any CPU.ActiveCfg = Release|Any CPU
		{EC410D29-9950-4429-96A3-1476181EFF78}.Release|Any CPU.Build.0 = Release|Any CPU
	EndGlobalSection
	GlobalSection(NestedProjects) = preSolution
		{03335393-E51E-428D-936D-A33DBC551DA5} = {18093F46-814C-417B-802B-F3D289A9850F}
		{EC410D29-9950-4429-96A3-1476181EFF78} = {0520F664-4A0F-45A0-833B-AEDE43C0A396}
	EndGlobalSection
EndGlobal
